
Microsoft Visual Studio Solution File, Format Version 12.00
# Visual Studio Version 17
VisualStudioVersion = 17.7.34003.232
MinimumVisualStudioVersion = 10.0.40219.1
Project("{FAE04EC0-301F-11D3-BF4B-00C04F79EFBC}") = "2維陣列", "2維陣列\2維陣列.csproj", "{EC73B3E0-69B6-4BAC-BC53-846179A9691D}"
EndProject
Global
	GlobalSection(SolutionConfigurationPlatforms) = preSolution
		Debug|Any CPU = Debug|Any CPU
		Release|Any CPU = Release|Any CPU
	EndGlobalSection
	GlobalSection(ProjectConfigurationPlatforms) = postSolution
		{EC73B3E0-69B6-4BAC-BC53-846179A9691D}.Debug|Any CPU.ActiveCfg = Debug|Any CPU
		{EC73B3E0-69B6-4BAC-BC53-846179A9691D}.Debug|Any CPU.Build.0 = Debug|Any CPU
		{EC73B3E0-69B6-4BAC-BC53-846179A9691D}.Release|Any CPU.ActiveCfg = Release|Any CPU
		{EC73B3E0-69B6-4BAC-BC53-846179A9691D}.Release|Any CPU.Build.0 = Release|Any CPU
	EndGlobalSection
	GlobalSection(SolutionProperties) = preSolution
		HideSolutionNode = FALSE
	EndGlobalSection
	GlobalSection(ExtensibilityGlobals) = postSolution
		SolutionGuid = {CB011FC8-C76E-478E-9DEB-7A36DD76BF82}
	EndGlobalSection
EndGlobal
