
Microsoft Visual Studio Solution File, Format Version 12.00
# Visual Studio Version 17
VisualStudioVersion = 17.7.34003.232
MinimumVisualStudioVersion = 10.0.40219.1
Project("{FAE04EC0-301F-11D3-BF4B-00C04F79EFBC}") = "for迴圈2", "for迴圈2\for迴圈2.csproj", "{50DA411F-B62C-4BE6-979F-00C6564ACFF7}"
EndProject
Global
	GlobalSection(SolutionConfigurationPlatforms) = preSolution
		Debug|Any CPU = Debug|Any CPU
		Release|Any CPU = Release|Any CPU
	EndGlobalSection
	GlobalSection(ProjectConfigurationPlatforms) = postSolution
		{50DA411F-B62C-4BE6-979F-00C6564ACFF7}.Debug|Any CPU.ActiveCfg = Debug|Any CPU
		{50DA411F-B62C-4BE6-979F-00C6564ACFF7}.Debug|Any CPU.Build.0 = Debug|Any CPU
		{50DA411F-B62C-4BE6-979F-00C6564ACFF7}.Release|Any CPU.ActiveCfg = Release|Any CPU
		{50DA411F-B62C-4BE6-979F-00C6564ACFF7}.Release|Any CPU.Build.0 = Release|Any CPU
	EndGlobalSection
	GlobalSection(SolutionProperties) = preSolution
		HideSolutionNode = FALSE
	EndGlobalSection
	GlobalSection(ExtensibilityGlobals) = postSolution
		SolutionGuid = {A37488F7-759B-4386-88D3-56B2EE0E5B13}
	EndGlobalSection
EndGlobal
