
Microsoft Visual Studio Solution File, Format Version 12.00
# Visual Studio Version 17
VisualStudioVersion = 17.7.34003.232
MinimumVisualStudioVersion = 10.0.40219.1
Project("{FAE04EC0-301F-11D3-BF4B-00C04F79EFBC}") = "method", "method\method.csproj", "{F64E8A47-45F6-4BBA-9917-C1442A7D8EDF}"
EndProject
Global
	GlobalSection(SolutionConfigurationPlatforms) = preSolution
		Debug|Any CPU = Debug|Any CPU
		Release|Any CPU = Release|Any CPU
	EndGlobalSection
	GlobalSection(ProjectConfigurationPlatforms) = postSolution
		{F64E8A47-45F6-4BBA-9917-C1442A7D8EDF}.Debug|Any CPU.ActiveCfg = Debug|Any CPU
		{F64E8A47-45F6-4BBA-9917-C1442A7D8EDF}.Debug|Any CPU.Build.0 = Debug|Any CPU
		{F64E8A47-45F6-4BBA-9917-C1442A7D8EDF}.Release|Any CPU.ActiveCfg = Release|Any CPU
		{F64E8A47-45F6-4BBA-9917-C1442A7D8EDF}.Release|Any CPU.Build.0 = Release|Any CPU
	EndGlobalSection
	GlobalSection(SolutionProperties) = preSolution
		HideSolutionNode = FALSE
	EndGlobalSection
	GlobalSection(ExtensibilityGlobals) = postSolution
		SolutionGuid = {C308F72C-887F-48A9-9C60-23CBF405A4BB}
	EndGlobalSection
EndGlobal
